{
  "name": "@usewaypoint/email-builder",
  "version": "0.0.3",
  "lockfileVersion": 3,
  "requires": true,
  "packages": {
    "": {
      "name": "@usewaypoint/email-builder",
      "version": "0.0.3",
      "license": "MIT",
      "dependencies": {
        "@usewaypoint/block-avatar": "^0.0.1",
        "@usewaypoint/block-button": "^0.0.2",
        "@usewaypoint/block-columns-container": "^0.0.2",
        "@usewaypoint/block-container": "^0.0.1",
        "@usewaypoint/block-divider": "^0.0.3",
        "@usewaypoint/block-heading": "^0.0.2",
        "@usewaypoint/block-html": "^0.0.2",
        "@usewaypoint/block-image": "^0.0.4",
        "@usewaypoint/block-spacer": "^0.0.2",
        "@usewaypoint/block-text": "^0.0.2",
        "@usewaypoint/document-core": "^0.0.4"
      },
      "peerDependencies": {
        "react": "^16 || ^17 || ^18",
        "react-dom": "^16 || ^17 || ^18",
        "zod": "^1 || ^2 || ^3"
      }
    },
    "node_modules/@usewaypoint/block-avatar": {
      "version": "0.0.1",
      "resolved": "https://registry.npmjs.org/@usewaypoint/block-avatar/-/block-avatar-0.0.1.tgz",
      "integrity": "sha512-RHpynXK6iLbejoZN8k+OXIaJGU22LZWHWcW9nEdsHwPaHxSbwh7UPcBrTntC5zRqMYDZlF7u3iYpSg02O4bxRQ==",
      "peerDependencies": {
        "react": "^16 || ^17 || ^18",
        "zod": "^1 || ^2 || ^3"
      }
    },
    "node_modules/@usewaypoint/block-button": {
      "version": "0.0.2",
      "resolved": "https://registry.npmjs.org/@usewaypoint/block-button/-/block-button-0.0.2.tgz",
      "integrity": "sha512-WzWlJoJBiVfI3Iak9JPey7u/hJIkxXuhuAI6Y10ef795Panyr1GxQbdH2//fZtajjGJ1SjJStXpz6nPEd8wArg==",
      "peerDependencies": {
        "react": "^16 || ^17 || ^18",
        "zod": "^1 || ^2 || ^3"
      }
    },
    "node_modules/@usewaypoint/block-columns-container": {
      "version": "0.0.2",
      "resolved": "https://registry.npmjs.org/@usewaypoint/block-columns-container/-/block-columns-container-0.0.2.tgz",
      "integrity": "sha512-W5rstBOb/uLJ0L43zilUbQEoc+H+2jA8L8RVlCt4unvZsaqYGdcyaqZ6bs6qpeHjB2LtzLvFEcaqSuevhg3uRQ==",
      "peerDependencies": {
        "react": "^16 || ^17 || ^18",
        "zod": "^1 || ^2 || ^3"
      }
    },
    "node_modules/@usewaypoint/block-container": {
      "version": "0.0.1",
      "resolved": "https://registry.npmjs.org/@usewaypoint/block-container/-/block-container-0.0.1.tgz",
      "integrity": "sha512-DsxXVVKLWv86CbQhCAbnvRDe/wJ0sj5XNma5hb0l1p7YqK42NVxKCRPF1Bw6m2WhEcXZFbz+8CIxHqjo6p1QIw==",
      "peerDependencies": {
        "react": "^16 || ^17 || ^18",
        "zod": "^1 || ^2 || ^3"
      }
    },
    "node_modules/@usewaypoint/block-divider": {
      "version": "0.0.3",
      "resolved": "https://registry.npmjs.org/@usewaypoint/block-divider/-/block-divider-0.0.3.tgz",
      "integrity": "sha512-ZtjBWVakxUg+YbI0yWIX/TO0mmj8pjSUqK/o6Je5bx+rfETXaWlxRTwhZGWMNnYeY1sTjIlcbg2zGgdmmgxvXg==",
      "peerDependencies": {
        "react": "^16 || ^17 || ^18",
        "zod": "^1 || ^2 || ^3"
      }
    },
    "node_modules/@usewaypoint/block-heading": {
      "version": "0.0.2",
      "resolved": "https://registry.npmjs.org/@usewaypoint/block-heading/-/block-heading-0.0.2.tgz",
      "integrity": "sha512-l5tCcyfYAp+sta93ZXs1pmz+F/3W6XP2aiyAr/6uVpV2mwL7MloWUlpHRzwZEEyIW/jIJwYkNexabRLrxK181A==",
      "peerDependencies": {
        "react": "^16 || ^17 || ^18",
        "zod": "^1 || ^2 || ^3"
      }
    },
    "node_modules/@usewaypoint/block-html": {
      "version": "0.0.2",
      "resolved": "https://registry.npmjs.org/@usewaypoint/block-html/-/block-html-0.0.2.tgz",
      "integrity": "sha512-QEaMF1DRk+MgJiC8s4TfQe4eBpJghzriIPyS/+hxRVAiDwbOmRencaPRZ4JpDBi34sVNwLvRJZa5KvUFN4w6hg==",
      "peerDependencies": {
        "react": "^16 || ^17 || ^18",
        "zod": "^1 || ^2 || ^3"
      }
    },
    "node_modules/@usewaypoint/block-image": {
      "version": "0.0.4",
      "resolved": "https://registry.npmjs.org/@usewaypoint/block-image/-/block-image-0.0.4.tgz",
      "integrity": "sha512-QNslGaV4zrgXj+VtbAktT7QBUxoelIyDMOgQtF8HsZzkfl66S28MtwwofodQpzKRtUrtegQ9o9hpL5zgjQUv0w==",
      "peerDependencies": {
        "react": "^16 || ^17 || ^18",
        "zod": "^1 || ^2 || ^3"
      }
    },
    "node_modules/@usewaypoint/block-spacer": {
      "version": "0.0.2",
      "resolved": "https://registry.npmjs.org/@usewaypoint/block-spacer/-/block-spacer-0.0.2.tgz",
      "integrity": "sha512-pH+QFmE2e0ULZeEGwh70qOtSKBdvmq/yue3IVPzx05fHymjr3fV/os1eSgEN2SRCcOC02wu3MvFX5LbV+vz4sQ==",
      "peerDependencies": {
        "react": "^16 || ^17 || ^18",
        "zod": "^1 || ^2 || ^3"
      }
    },
    "node_modules/@usewaypoint/block-text": {
      "version": "0.0.2",
      "resolved": "https://registry.npmjs.org/@usewaypoint/block-text/-/block-text-0.0.2.tgz",
      "integrity": "sha512-iX4hxq/Rql5syTuXQYB3BGm6vZDKns83FUHH66y06pQuSLPR7i0YvokOLm2Ez96S+i6NOh3XVTg/wcx2Hg2FgA==",
      "peerDependencies": {
        "react": "^16 || ^17 || ^18",
        "zod": "^1 || ^2 || ^3"
      }
    },
    "node_modules/@usewaypoint/document-core": {
      "version": "0.0.4",
      "resolved": "https://registry.npmjs.org/@usewaypoint/document-core/-/document-core-0.0.4.tgz",
      "integrity": "sha512-xlPM5zexUhuRDsSwPVZ8cvemmsffLDb4wxlaAVMXi4ayO7ZHHrc9SiLiBkR8cnfQ3OvnHlZaO8YDsGmnckGqYw==",
      "peerDependencies": {
        "react": "^16 || ^17 || ^18",
        "zod": "^1 || ^2 || ^3"
      }
    },
    "node_modules/js-tokens": {
      "version": "4.0.0",
      "resolved": "https://registry.npmjs.org/js-tokens/-/js-tokens-4.0.0.tgz",
      "integrity": "sha512-RdJUflcE3cUzKiMqQgsCu06FPu9UdIJO0beYbPhHN4k6apgJtifcoCtT9bcxOpYBtpD2kCM6Sbzg4CausW/PKQ==",
      "peer": true
    },
    "node_modules/loose-envify": {
      "version": "1.4.0",
      "resolved": "https://registry.npmjs.org/loose-envify/-/loose-envify-1.4.0.tgz",
      "integrity": "sha512-lyuxPGr/Wfhrlem2CL/UcnUc1zcqKAImBDzukY7Y5F/yQiNdko6+fRLevlw1HgMySw7f611UIY408EtxRSoK3Q==",
      "peer": true,
      "dependencies": {
        "js-tokens": "^3.0.0 || ^4.0.0"
      },
      "bin": {
        "loose-envify": "cli.js"
      }
    },
    "node_modules/react": {
      "version": "18.2.0",
      "resolved": "https://registry.npmjs.org/react/-/react-18.2.0.tgz",
      "integrity": "sha512-/3IjMdb2L9QbBdWiW5e3P2/npwMBaU9mHCSCUzNln0ZCYbcfTsGbTJrU/kGemdH2IWmB2ioZ+zkxtmq6g09fGQ==",
      "peer": true,
      "dependencies": {
        "loose-envify": "^1.1.0"
      },
      "engines": {
        "node": ">=0.10.0"
      }
    },
    "node_modules/react-dom": {
      "version": "18.2.0",
      "resolved": "https://registry.npmjs.org/react-dom/-/react-dom-18.2.0.tgz",
      "integrity": "sha512-6IMTriUmvsjHUjNtEDudZfuDQUoWXVxKHhlEGSk81n4YFS+r/Kl99wXiwlVXtPBtJenozv2P+hxDsw9eA7Xo6g==",
      "peer": true,
      "dependencies": {
        "loose-envify": "^1.1.0",
        "scheduler": "^0.23.0"
      },
      "peerDependencies": {
        "react": "^18.2.0"
      }
    },
    "node_modules/scheduler": {
      "version": "0.23.0",
      "resolved": "https://registry.npmjs.org/scheduler/-/scheduler-0.23.0.tgz",
      "integrity": "sha512-CtuThmgHNg7zIZWAXi3AsyIzA3n4xx7aNyjwC2VJldO2LMVDhFK+63xGqq6CsJH4rTAt6/M+N4GhZiDYPx9eUw==",
      "peer": true,
      "dependencies": {
        "loose-envify": "^1.1.0"
      }
    },
    "node_modules/zod": {
      "version": "3.22.4",
      "resolved": "https://registry.npmjs.org/zod/-/zod-3.22.4.tgz",
      "integrity": "sha512-iC+8Io04lddc+mVqQ9AZ7OQ2MrUKGN+oIQyq1vemgt46jwCwLfhq7/pwnBnNXXXZb8VTVLKwp9EDkx+ryxIWmg==",
      "peer": true,
      "funding": {
        "url": "https://github.com/sponsors/colinhacks"
      }
    }
  }
}
