{
  "name": "@usewaypoint/email-builder",
  "version": "0.0.8",
  "lockfileVersion": 3,
  "requires": true,
  "packages": {
    "": {
      "name": "@usewaypoint/email-builder",
      "version": "0.0.8",
      "license": "MIT",
      "dependencies": {
        "@usewaypoint/block-avatar": "^0.0.3",
        "@usewaypoint/block-button": "^0.0.3",
        "@usewaypoint/block-columns-container": "^0.0.3",
        "@usewaypoint/block-container": "^0.0.2",
        "@usewaypoint/block-divider": "^0.0.4",
        "@usewaypoint/block-heading": "^0.0.3",
        "@usewaypoint/block-html": "^0.0.3",
        "@usewaypoint/block-image": "^0.0.5",
        "@usewaypoint/block-spacer": "^0.0.3",
        "@usewaypoint/block-text": "^0.0.6",
        "@usewaypoint/document-core": "^0.0.6"
      },
      "peerDependencies": {
        "react": "^16 || ^17 || ^18",
        "react-dom": "^16 || ^17 || ^18",
        "zod": "^1 || ^2 || ^3"
      }
    },
    "node_modules/@usewaypoint/block-avatar": {
      "version": "0.0.3",
      "resolved": "https://registry.npmjs.org/@usewaypoint/block-avatar/-/block-avatar-0.0.3.tgz",
      "integrity": "sha512-3BM6P4ztMmqDbSijtVQqI1canRkcENOEHZ2X9BYNv8BZGJbmitTrzANvwmmYXfFEuWPCAyABvujdZds15Zg8Qg==",
      "peerDependencies": {
        "react": "^16 || ^17 || ^18",
        "zod": "^1 || ^2 || ^3"
      }
    },
    "node_modules/@usewaypoint/block-button": {
      "version": "0.0.3",
      "resolved": "https://registry.npmjs.org/@usewaypoint/block-button/-/block-button-0.0.3.tgz",
      "integrity": "sha512-LXSI3FmCTv13voYX4wdHY7iJdsfyRfpDJZCFKSun5EF1j9FXrqMDGScpk/yokopkQWvWkYXQNAne7W0yWhRQlg==",
      "peerDependencies": {
        "react": "^16 || ^17 || ^18",
        "zod": "^1 || ^2 || ^3"
      }
    },
    "node_modules/@usewaypoint/block-columns-container": {
      "version": "0.0.3",
      "resolved": "https://registry.npmjs.org/@usewaypoint/block-columns-container/-/block-columns-container-0.0.3.tgz",
      "integrity": "sha512-r5jaojU1Fr6Svtl0a9dDlBHgslJQ04M+XaXaEO+GZ12+35fdAirpLkrEhuyBIA1FFXzRTG740wkbkr++iv1kuA==",
      "peerDependencies": {
        "react": "^16 || ^17 || ^18",
        "zod": "^1 || ^2 || ^3"
      }
    },
    "node_modules/@usewaypoint/block-container": {
      "version": "0.0.2",
      "resolved": "https://registry.npmjs.org/@usewaypoint/block-container/-/block-container-0.0.2.tgz",
      "integrity": "sha512-li9GVdiahVpJ+MNRdkoCkP6/hBTdcpaLRGpaFBSQRkVt+cYAeB7qPNIo+242hUvVTm5Qky8ceGLDVblGYSZb7A==",
      "peerDependencies": {
        "react": "^16 || ^17 || ^18",
        "zod": "^1 || ^2 || ^3"
      }
    },
    "node_modules/@usewaypoint/block-divider": {
      "version": "0.0.4",
      "resolved": "https://registry.npmjs.org/@usewaypoint/block-divider/-/block-divider-0.0.4.tgz",
      "integrity": "sha512-q54ydWvKdg7Zwc4hzIwE6i/mC8dFYxfPRACEEEyu2dvSNa9cbKFIsPD9ipVSntK+Ib3Ml84uT4aHQmOlzP6hZA==",
      "peerDependencies": {
        "react": "^16 || ^17 || ^18",
        "zod": "^1 || ^2 || ^3"
      }
    },
    "node_modules/@usewaypoint/block-heading": {
      "version": "0.0.3",
      "resolved": "https://registry.npmjs.org/@usewaypoint/block-heading/-/block-heading-0.0.3.tgz",
      "integrity": "sha512-1dMrf1U34nq2FuwTUfsq+hBOdLQz1H+lVMEH9xvyCq5I7nSXCzpeo7QgumZ3zZEHtu3QgSEGafJaZyrj2paC0w==",
      "peerDependencies": {
        "react": "^16 || ^17 || ^18",
        "zod": "^1 || ^2 || ^3"
      }
    },
    "node_modules/@usewaypoint/block-html": {
      "version": "0.0.3",
      "resolved": "https://registry.npmjs.org/@usewaypoint/block-html/-/block-html-0.0.3.tgz",
      "integrity": "sha512-ZI9oYDibMzs5y/YzfvUwuUBzHDKHOIjiStiVCvlmIA+VtJTycqT8X/ECjn+KmwesLTg5DhG07CC4WY2SL3AnJw==",
      "peerDependencies": {
        "react": "^16 || ^17 || ^18",
        "zod": "^1 || ^2 || ^3"
      }
    },
    "node_modules/@usewaypoint/block-image": {
      "version": "0.0.5",
      "resolved": "https://registry.npmjs.org/@usewaypoint/block-image/-/block-image-0.0.5.tgz",
      "integrity": "sha512-b66jAXF79idsrIRc2QoBlZctIXdqg/qOAL7/QvKvENZH2KmuXoZhEUx+Z7sACvEQD/VI0u7TK5msDsA5S0/oVQ==",
      "peerDependencies": {
        "react": "^16 || ^17 || ^18",
        "zod": "^1 || ^2 || ^3"
      }
    },
    "node_modules/@usewaypoint/block-spacer": {
      "version": "0.0.3",
      "resolved": "https://registry.npmjs.org/@usewaypoint/block-spacer/-/block-spacer-0.0.3.tgz",
      "integrity": "sha512-CCcMtwcpeC2rHvawQdh5f0Hez7o4xA/edWl/6I3RuA6Yb6STyyrGjmPFs2ZxHQsLOGUK+0OvBenuHlSTCZwuuA==",
      "peerDependencies": {
        "react": "^16 || ^17 || ^18",
        "zod": "^1 || ^2 || ^3"
      }
    },
    "node_modules/@usewaypoint/block-text": {
      "version": "0.0.6",
      "resolved": "https://registry.npmjs.org/@usewaypoint/block-text/-/block-text-0.0.6.tgz",
      "integrity": "sha512-tsKTNLXUYs1PkM8G5sgIhO3KnW1IFTx2q+lnq5Y4prHeHNBrArez5BbwAyvwBKnhcIt5c4gYL2CSklIU4+hLLw==",
      "dependencies": {
        "insane": "^2.6.2",
        "marked": "^12.0.2"
      },
      "peerDependencies": {
        "react": "^16 || ^17 || ^18",
        "zod": "^1 || ^2 || ^3"
      }
    },
    "node_modules/@usewaypoint/document-core": {
      "version": "0.0.6",
      "resolved": "https://registry.npmjs.org/@usewaypoint/document-core/-/document-core-0.0.6.tgz",
      "integrity": "sha512-Hg10gszVCZRJhA4nIWwAi2rTXuoxPL+ATMe0hU243PFBIUZOwDIQus4XZSeoHsenMCq1uBFCRiFW4hl2+tVwgA==",
      "peerDependencies": {
        "react": "^16 || ^17 || ^18",
        "zod": "^1 || ^2 || ^3"
      }
    },
    "node_modules/assignment": {
      "version": "2.0.0",
      "resolved": "https://registry.npmjs.org/assignment/-/assignment-2.0.0.tgz",
      "integrity": "sha512-naMULXjtgCs9SVUEtyvJNt68aF18em7/W+dhbR59kbz9cXWPEvUkCun2tqlgqRPSqZaKPpqLc5ZnwL8jVmJRvw=="
    },
    "node_modules/he": {
      "version": "0.5.0",
      "resolved": "https://registry.npmjs.org/he/-/he-0.5.0.tgz",
      "integrity": "sha512-DoufbNNOFzwRPy8uecq+j+VCPQ+JyDelHTmSgygrA5TsR8Cbw4Qcir5sGtWiusB4BdT89nmlaVDhSJOqC/33vw==",
      "bin": {
        "he": "bin/he"
      }
    },
    "node_modules/insane": {
      "version": "2.6.2",
      "resolved": "https://registry.npmjs.org/insane/-/insane-2.6.2.tgz",
      "integrity": "sha512-BqEL1CJsjJi+/C/zKZxv31zs3r6zkLH5Nz1WMFb7UBX2KHY2yXDpbFTSEmNHzomBbGDysIfkTX55A0mQZ2CQiw==",
      "dependencies": {
        "assignment": "2.0.0",
        "he": "0.5.0"
      }
    },
    "node_modules/js-tokens": {
      "version": "4.0.0",
      "resolved": "https://registry.npmjs.org/js-tokens/-/js-tokens-4.0.0.tgz",
      "integrity": "sha512-RdJUflcE3cUzKiMqQgsCu06FPu9UdIJO0beYbPhHN4k6apgJtifcoCtT9bcxOpYBtpD2kCM6Sbzg4CausW/PKQ==",
      "peer": true
    },
    "node_modules/loose-envify": {
      "version": "1.4.0",
      "resolved": "https://registry.npmjs.org/loose-envify/-/loose-envify-1.4.0.tgz",
      "integrity": "sha512-lyuxPGr/Wfhrlem2CL/UcnUc1zcqKAImBDzukY7Y5F/yQiNdko6+fRLevlw1HgMySw7f611UIY408EtxRSoK3Q==",
      "peer": true,
      "dependencies": {
        "js-tokens": "^3.0.0 || ^4.0.0"
      },
      "bin": {
        "loose-envify": "cli.js"
      }
    },
    "node_modules/marked": {
      "version": "12.0.2",
      "resolved": "https://registry.npmjs.org/marked/-/marked-12.0.2.tgz",
      "integrity": "sha512-qXUm7e/YKFoqFPYPa3Ukg9xlI5cyAtGmyEIzMfW//m6kXwCy2Ps9DYf5ioijFKQ8qyuscrHoY04iJGctu2Kg0Q==",
      "bin": {
        "marked": "bin/marked.js"
      },
      "engines": {
        "node": ">= 18"
      }
    },
    "node_modules/react": {
      "version": "18.2.0",
      "resolved": "https://registry.npmjs.org/react/-/react-18.2.0.tgz",
      "integrity": "sha512-/3IjMdb2L9QbBdWiW5e3P2/npwMBaU9mHCSCUzNln0ZCYbcfTsGbTJrU/kGemdH2IWmB2ioZ+zkxtmq6g09fGQ==",
      "peer": true,
      "dependencies": {
        "loose-envify": "^1.1.0"
      },
      "engines": {
        "node": ">=0.10.0"
      }
    },
    "node_modules/react-dom": {
      "version": "18.2.0",
      "resolved": "https://registry.npmjs.org/react-dom/-/react-dom-18.2.0.tgz",
      "integrity": "sha512-6IMTriUmvsjHUjNtEDudZfuDQUoWXVxKHhlEGSk81n4YFS+r/Kl99wXiwlVXtPBtJenozv2P+hxDsw9eA7Xo6g==",
      "peer": true,
      "dependencies": {
        "loose-envify": "^1.1.0",
        "scheduler": "^0.23.0"
      },
      "peerDependencies": {
        "react": "^18.2.0"
      }
    },
    "node_modules/scheduler": {
      "version": "0.23.0",
      "resolved": "https://registry.npmjs.org/scheduler/-/scheduler-0.23.0.tgz",
      "integrity": "sha512-CtuThmgHNg7zIZWAXi3AsyIzA3n4xx7aNyjwC2VJldO2LMVDhFK+63xGqq6CsJH4rTAt6/M+N4GhZiDYPx9eUw==",
      "peer": true,
      "dependencies": {
        "loose-envify": "^1.1.0"
      }
    },
    "node_modules/zod": {
      "version": "3.22.4",
      "resolved": "https://registry.npmjs.org/zod/-/zod-3.22.4.tgz",
      "integrity": "sha512-iC+8Io04lddc+mVqQ9AZ7OQ2MrUKGN+oIQyq1vemgt46jwCwLfhq7/pwnBnNXXXZb8VTVLKwp9EDkx+ryxIWmg==",
      "peer": true,
      "funding": {
        "url": "https://github.com/sponsors/colinhacks"
      }
    }
  }
}
